// !$*UTF8*$!
{
	archiveVersion = 1;
	classes = {
	};
	objectVersion = 50;
	objects = {

/* Begin PBXBuildFile section */
		9C17FDF024C4802500E37C34 /* Util.swift in Sources */ = {isa = PBXBuildFile; fileRef = 9C17FDEF24C4802500E37C34 /* Util.swift */; };
		9C17FDF224C481CC00E37C34 /* URLImage.swift in Sources */ = {isa = PBXBuildFile; fileRef = 9C17FDF124C481CC00E37C34 /* URLImage.swift */; };
		9C17FDF424C4824300E37C34 /* ImageLoader.swift in Sources */ = {isa = PBXBuildFile; fileRef = 9C17FDF324C4824300E37C34 /* ImageLoader.swift */; };
		9C17FDF824C7108700E37C34 /* AppBar.swift in Sources */ = {isa = PBXBuildFile; fileRef = 9C17FDF724C7108700E37C34 /* AppBar.swift */; };
		9C4B932924BA02CC005A1CAB /* Data.swift in Sources */ = {isa = PBXBuildFile; fileRef = 9C4B932824BA02CB005A1CAB /* Data.swift */; };
		9C96F06824B0B34C00B86D69 /* AppDelegate.swift in Sources */ = {isa = PBXBuildFile; fileRef = 9C96F06724B0B34C00B86D69 /* AppDelegate.swift */; };
		9C96F06A24B0B34C00B86D69 /* SceneDelegate.swift in Sources */ = {isa = PBXBuildFile; fileRef = 9C96F06924B0B34C00B86D69 /* SceneDelegate.swift */; };
		9C96F06C24B0B34C00B86D69 /* WeatherListView.swift in Sources */ = {isa = PBXBuildFile; fileRef = 9C96F06B24B0B34C00B86D69 /* WeatherListView.swift */; };
		9C96F06E24B0B34E00B86D69 /* Assets.xcassets in Resources */ = {isa = PBXBuildFile; fileRef = 9C96F06D24B0B34E00B86D69 /* Assets.xcassets */; };
		9C96F07124B0B34E00B86D69 /* Preview Assets.xcassets in Resources */ = {isa = PBXBuildFile; fileRef = 9C96F07024B0B34E00B86D69 /* Preview Assets.xcassets */; };
		9C96F07424B0B34E00B86D69 /* LaunchScreen.storyboard in Resources */ = {isa = PBXBuildFile; fileRef = 9C96F07224B0B34E00B86D69 /* LaunchScreen.storyboard */; };
		9C96F07F24B0B34E00B86D69 /* WeatherTests.swift in Sources */ = {isa = PBXBuildFile; fileRef = 9C96F07E24B0B34E00B86D69 /* WeatherTests.swift */; };
		9C96F08A24B0B34E00B86D69 /* MaybeCloudyUITests.swift in Sources */ = {isa = PBXBuildFile; fileRef = 9C96F08924B0B34E00B86D69 /* MaybeCloudyUITests.swift */; };
		9C96F09824B0B7E400B86D69 /* WeatherTodayFetcher.swift in Sources */ = {isa = PBXBuildFile; fileRef = 9C96F09724B0B7E400B86D69 /* WeatherTodayFetcher.swift */; };
		9C96F09B24B0BA1700B86D69 /* Weather.swift in Sources */ = {isa = PBXBuildFile; fileRef = 9C96F09A24B0BA1700B86D69 /* Weather.swift */; };
		9C96F09D24B0BE2C00B86D69 /* TopCities.swift in Sources */ = {isa = PBXBuildFile; fileRef = 9C96F09C24B0BE2C00B86D69 /* TopCities.swift */; };
		9C96F0A024B0EA2100B86D69 /* WeatherListViewModel.swift in Sources */ = {isa = PBXBuildFile; fileRef = 9C96F09F24B0EA2100B86D69 /* WeatherListViewModel.swift */; };
		9CBCFFC524B0F74C0045FAAF /* cityData.json in Resources */ = {isa = PBXBuildFile; fileRef = 9CBCFFC424B0F74C0045FAAF /* cityData.json */; };
		9CBCFFCA24B1D6F90045FAAF /* WeatherDetailView.swift in Sources */ = {isa = PBXBuildFile; fileRef = 9CBCFFC924B1D6F90045FAAF /* WeatherDetailView.swift */; };
		9CBCFFCC24B1DC7B0045FAAF /* CityData.swift in Sources */ = {isa = PBXBuildFile; fileRef = 9CBCFFCB24B1DC7B0045FAAF /* CityData.swift */; };
		9CBCFFCE24B1EC240045FAAF /* WeatherListRow.swift in Sources */ = {isa = PBXBuildFile; fileRef = 9CBCFFCD24B1EC240045FAAF /* WeatherListRow.swift */; };
		9CBCFFD024B1F08A0045FAAF /* .env in Resources */ = {isa = PBXBuildFile; fileRef = 9CBCFFCF24B1F08A0045FAAF /* .env */; };
		9CBCFFD224B1F0C10045FAAF /* .env.sample in Resources */ = {isa = PBXBuildFile; fileRef = 9CBCFFD124B1F0C10045FAAF /* .env.sample */; };
/* End PBXBuildFile section */

/* Begin PBXContainerItemProxy section */
		9C96F07B24B0B34E00B86D69 /* PBXContainerItemProxy */ = {
			isa = PBXContainerItemProxy;
			containerPortal = 9C96F05C24B0B34C00B86D69 /* Project object */;
			proxyType = 1;
			remoteGlobalIDString = 9C96F06324B0B34C00B86D69;
			remoteInfo = MaybeCloudy;
		};
		9C96F08624B0B34E00B86D69 /* PBXContainerItemProxy */ = {
			isa = PBXContainerItemProxy;
			containerPortal = 9C96F05C24B0B34C00B86D69 /* Project object */;
			proxyType = 1;
			remoteGlobalIDString = 9C96F06324B0B34C00B86D69;
			remoteInfo = MaybeCloudy;
		};
/* End PBXContainerItemProxy section */

/* Begin PBXFileReference section */
		9C17FDEF24C4802500E37C34 /* Util.swift */ = {isa = PBXFileReference; lastKnownFileType = sourcecode.swift; path = Util.swift; sourceTree = "<group>"; };
		9C17FDF124C481CC00E37C34 /* URLImage.swift */ = {isa = PBXFileReference; lastKnownFileType = sourcecode.swift; path = URLImage.swift; sourceTree = "<group>"; };
		9C17FDF324C4824300E37C34 /* ImageLoader.swift */ = {isa = PBXFileReference; lastKnownFileType = sourcecode.swift; path = ImageLoader.swift; sourceTree = "<group>"; };
		9C17FDF724C7108700E37C34 /* AppBar.swift */ = {isa = PBXFileReference; lastKnownFileType = sourcecode.swift; path = AppBar.swift; sourceTree = "<group>"; };
		9C4B932824BA02CB005A1CAB /* Data.swift */ = {isa = PBXFileReference; lastKnownFileType = sourcecode.swift; path = Data.swift; sourceTree = "<group>"; };
		9C96F06424B0B34C00B86D69 /* MaybeCloudy.app */ = {isa = PBXFileReference; explicitFileType = wrapper.application; includeInIndex = 0; path = MaybeCloudy.app; sourceTree = BUILT_PRODUCTS_DIR; };
		9C96F06724B0B34C00B86D69 /* AppDelegate.swift */ = {isa = PBXFileReference; lastKnownFileType = sourcecode.swift; path = AppDelegate.swift; sourceTree = "<group>"; };
		9C96F06924B0B34C00B86D69 /* SceneDelegate.swift */ = {isa = PBXFileReference; lastKnownFileType = sourcecode.swift; path = SceneDelegate.swift; sourceTree = "<group>"; };
		9C96F06B24B0B34C00B86D69 /* WeatherListView.swift */ = {isa = PBXFileReference; lastKnownFileType = sourcecode.swift; path = WeatherListView.swift; sourceTree = "<group>"; };
		9C96F06D24B0B34E00B86D69 /* Assets.xcassets */ = {isa = PBXFileReference; lastKnownFileType = folder.assetcatalog; path = Assets.xcassets; sourceTree = "<group>"; };
		9C96F07024B0B34E00B86D69 /* Preview Assets.xcassets */ = {isa = PBXFileReference; lastKnownFileType = folder.assetcatalog; path = "Preview Assets.xcassets"; sourceTree = "<group>"; };
		9C96F07324B0B34E00B86D69 /* Base */ = {isa = PBXFileReference; lastKnownFileType = file.storyboard; name = Base; path = Base.lproj/LaunchScreen.storyboard; sourceTree = "<group>"; };
		9C96F07524B0B34E00B86D69 /* Info.plist */ = {isa = PBXFileReference; lastKnownFileType = text.plist.xml; path = Info.plist; sourceTree = "<group>"; };
		9C96F07A24B0B34E00B86D69 /* MaybeCloudyTests.xctest */ = {isa = PBXFileReference; explicitFileType = wrapper.cfbundle; includeInIndex = 0; path = MaybeCloudyTests.xctest; sourceTree = BUILT_PRODUCTS_DIR; };
		9C96F07E24B0B34E00B86D69 /* WeatherTests.swift */ = {isa = PBXFileReference; lastKnownFileType = sourcecode.swift; path = WeatherTests.swift; sourceTree = "<group>"; };
		9C96F08024B0B34E00B86D69 /* Info.plist */ = {isa = PBXFileReference; lastKnownFileType = text.plist.xml; path = Info.plist; sourceTree = "<group>"; };
		9C96F08524B0B34E00B86D69 /* MaybeCloudyUITests.xctest */ = {isa = PBXFileReference; explicitFileType = wrapper.cfbundle; includeInIndex = 0; path = MaybeCloudyUITests.xctest; sourceTree = BUILT_PRODUCTS_DIR; };
		9C96F08924B0B34E00B86D69 /* MaybeCloudyUITests.swift */ = {isa = PBXFileReference; lastKnownFileType = sourcecode.swift; path = MaybeCloudyUITests.swift; sourceTree = "<group>"; };
		9C96F08B24B0B34E00B86D69 /* Info.plist */ = {isa = PBXFileReference; lastKnownFileType = text.plist.xml; path = Info.plist; sourceTree = "<group>"; };
		9C96F09724B0B7E400B86D69 /* WeatherTodayFetcher.swift */ = {isa = PBXFileReference; lastKnownFileType = sourcecode.swift; path = WeatherTodayFetcher.swift; sourceTree = "<group>"; };
		9C96F09A24B0BA1700B86D69 /* Weather.swift */ = {isa = PBXFileReference; lastKnownFileType = sourcecode.swift; path = Weather.swift; sourceTree = "<group>"; };
		9C96F09C24B0BE2C00B86D69 /* TopCities.swift */ = {isa = PBXFileReference; lastKnownFileType = sourcecode.swift; path = TopCities.swift; sourceTree = "<group>"; };
		9C96F09F24B0EA2100B86D69 /* WeatherListViewModel.swift */ = {isa = PBXFileReference; lastKnownFileType = sourcecode.swift; path = WeatherListViewModel.swift; sourceTree = "<group>"; };
		9CBCFFC424B0F74C0045FAAF /* cityData.json */ = {isa = PBXFileReference; lastKnownFileType = text.json; path = cityData.json; sourceTree = "<group>"; };
		9CBCFFC924B1D6F90045FAAF /* WeatherDetailView.swift */ = {isa = PBXFileReference; lastKnownFileType = sourcecode.swift; path = WeatherDetailView.swift; sourceTree = "<group>"; };
		9CBCFFCB24B1DC7B0045FAAF /* CityData.swift */ = {isa = PBXFileReference; lastKnownFileType = sourcecode.swift; path = CityData.swift; sourceTree = "<group>"; };
		9CBCFFCD24B1EC240045FAAF /* WeatherListRow.swift */ = {isa = PBXFileReference; lastKnownFileType = sourcecode.swift; path = WeatherListRow.swift; sourceTree = "<group>"; };
		9CBCFFCF24B1F08A0045FAAF /* .env */ = {isa = PBXFileReference; fileEncoding = 4; lastKnownFileType = text; path = .env; sourceTree = "<group>"; };
		9CBCFFD124B1F0C10045FAAF /* .env.sample */ = {isa = PBXFileReference; lastKnownFileType = text; path = .env.sample; sourceTree = "<group>"; };
/* End PBXFileReference section */

/* Begin PBXFrameworksBuildPhase section */
		9C96F06124B0B34C00B86D69 /* Frameworks */ = {
			isa = PBXFrameworksBuildPhase;
			buildActionMask = 2147483647;
			files = (
			);
			runOnlyForDeploymentPostprocessing = 0;
		};
		9C96F07724B0B34E00B86D69 /* Frameworks */ = {
			isa = PBXFrameworksBuildPhase;
			buildActionMask = 2147483647;
			files = (
			);
			runOnlyForDeploymentPostprocessing = 0;
		};
		9C96F08224B0B34E00B86D69 /* Frameworks */ = {
			isa = PBXFrameworksBuildPhase;
			buildActionMask = 2147483647;
			files = (
			);
			runOnlyForDeploymentPostprocessing = 0;
		};
/* End PBXFrameworksBuildPhase section */

/* Begin PBXGroup section */
		9C17FDEE24C4800900E37C34 /* Modules */ = {
			isa = PBXGroup;
			children = (
				9C17FDEF24C4802500E37C34 /* Util.swift */,
				9C17FDF324C4824300E37C34 /* ImageLoader.swift */,
			);
			path = Modules;
			sourceTree = "<group>";
		};
		9C96F05B24B0B34C00B86D69 = {
			isa = PBXGroup;
			children = (
				9C96F06624B0B34C00B86D69 /* MaybeCloudy */,
				9C96F07D24B0B34E00B86D69 /* MaybeCloudyTests */,
				9C96F08824B0B34E00B86D69 /* MaybeCloudyUITests */,
				9C96F06524B0B34C00B86D69 /* Products */,
				9CBCFFCF24B1F08A0045FAAF /* .env */,
				9CBCFFD124B1F0C10045FAAF /* .env.sample */,
			);
			sourceTree = "<group>";
		};
		9C96F06524B0B34C00B86D69 /* Products */ = {
			isa = PBXGroup;
			children = (
				9C96F06424B0B34C00B86D69 /* MaybeCloudy.app */,
				9C96F07A24B0B34E00B86D69 /* MaybeCloudyTests.xctest */,
				9C96F08524B0B34E00B86D69 /* MaybeCloudyUITests.xctest */,
			);
			name = Products;
			sourceTree = "<group>";
		};
		9C96F06624B0B34C00B86D69 /* MaybeCloudy */ = {
			isa = PBXGroup;
			children = (
				9C17FDEE24C4800900E37C34 /* Modules */,
				9CBCFFC624B1A2C00045FAAF /* API */,
				9CBCFFC324B0F7100045FAAF /* Resources */,
				9CBCFFC224B0F60C0045FAAF /* View */,
				9C96F09E24B0EA1400B86D69 /* ViewModel */,
				9C96F09924B0BA0D00B86D69 /* Model */,
				9C96F06724B0B34C00B86D69 /* AppDelegate.swift */,
				9C96F06924B0B34C00B86D69 /* SceneDelegate.swift */,
				9C96F06D24B0B34E00B86D69 /* Assets.xcassets */,
				9C96F07224B0B34E00B86D69 /* LaunchScreen.storyboard */,
				9C96F07524B0B34E00B86D69 /* Info.plist */,
				9C96F06F24B0B34E00B86D69 /* Preview Content */,
			);
			path = MaybeCloudy;
			sourceTree = "<group>";
		};
		9C96F06F24B0B34E00B86D69 /* Preview Content */ = {
			isa = PBXGroup;
			children = (
				9C96F07024B0B34E00B86D69 /* Preview Assets.xcassets */,
			);
			path = "Preview Content";
			sourceTree = "<group>";
		};
		9C96F07D24B0B34E00B86D69 /* MaybeCloudyTests */ = {
			isa = PBXGroup;
			children = (
				9C96F07E24B0B34E00B86D69 /* WeatherTests.swift */,
				9C96F08024B0B34E00B86D69 /* Info.plist */,
			);
			path = MaybeCloudyTests;
			sourceTree = "<group>";
		};
		9C96F08824B0B34E00B86D69 /* MaybeCloudyUITests */ = {
			isa = PBXGroup;
			children = (
				9C96F08924B0B34E00B86D69 /* MaybeCloudyUITests.swift */,
				9C96F08B24B0B34E00B86D69 /* Info.plist */,
			);
			path = MaybeCloudyUITests;
			sourceTree = "<group>";
		};
		9C96F09924B0BA0D00B86D69 /* Model */ = {
			isa = PBXGroup;
			children = (
				9C96F09A24B0BA1700B86D69 /* Weather.swift */,
				9CBCFFCB24B1DC7B0045FAAF /* CityData.swift */,
				9C96F09C24B0BE2C00B86D69 /* TopCities.swift */,
				9C4B932824BA02CB005A1CAB /* Data.swift */,
			);
			path = Model;
			sourceTree = "<group>";
		};
		9C96F09E24B0EA1400B86D69 /* ViewModel */ = {
			isa = PBXGroup;
			children = (
				9C96F09F24B0EA2100B86D69 /* WeatherListViewModel.swift */,
			);
			path = ViewModel;
			sourceTree = "<group>";
		};
		9CBCFFC224B0F60C0045FAAF /* View */ = {
			isa = PBXGroup;
			children = (
				9C96F06B24B0B34C00B86D69 /* WeatherListView.swift */,
				9CBCFFCD24B1EC240045FAAF /* WeatherListRow.swift */,
				9CBCFFC924B1D6F90045FAAF /* WeatherDetailView.swift */,
				9C17FDF124C481CC00E37C34 /* URLImage.swift */,
				9C17FDF724C7108700E37C34 /* AppBar.swift */,
			);
			path = View;
			sourceTree = "<group>";
		};
		9CBCFFC324B0F7100045FAAF /* Resources */ = {
			isa = PBXGroup;
			children = (
				9CBCFFC424B0F74C0045FAAF /* cityData.json */,
			);
			path = Resources;
			sourceTree = "<group>";
		};
		9CBCFFC624B1A2C00045FAAF /* API */ = {
			isa = PBXGroup;
			children = (
				9C96F09724B0B7E400B86D69 /* WeatherTodayFetcher.swift */,
			);
			path = API;
			sourceTree = "<group>";
		};
/* End PBXGroup section */

/* Begin PBXNativeTarget section */
		9C96F06324B0B34C00B86D69 /* MaybeCloudy */ = {
			isa = PBXNativeTarget;
			buildConfigurationList = 9C96F08E24B0B34E00B86D69 /* Build configuration list for PBXNativeTarget "MaybeCloudy" */;
			buildPhases = (
				9C96F06024B0B34C00B86D69 /* Sources */,
				9C96F06124B0B34C00B86D69 /* Frameworks */,
				9C96F06224B0B34C00B86D69 /* Resources */,
			);
			buildRules = (
			);
			dependencies = (
			);
			name = MaybeCloudy;
			productName = MaybeCloudy;
			productReference = 9C96F06424B0B34C00B86D69 /* MaybeCloudy.app */;
			productType = "com.apple.product-type.application";
		};
		9C96F07924B0B34E00B86D69 /* MaybeCloudyTests */ = {
			isa = PBXNativeTarget;
			buildConfigurationList = 9C96F09124B0B34E00B86D69 /* Build configuration list for PBXNativeTarget "MaybeCloudyTests" */;
			buildPhases = (
				9C96F07624B0B34E00B86D69 /* Sources */,
				9C96F07724B0B34E00B86D69 /* Frameworks */,
				9C96F07824B0B34E00B86D69 /* Resources */,
			);
			buildRules = (
			);
			dependencies = (
				9C96F07C24B0B34E00B86D69 /* PBXTargetDependency */,
			);
			name = MaybeCloudyTests;
			productName = MaybeCloudyTests;
			productReference = 9C96F07A24B0B34E00B86D69 /* MaybeCloudyTests.xctest */;
			productType = "com.apple.product-type.bundle.unit-test";
		};
		9C96F08424B0B34E00B86D69 /* MaybeCloudyUITests */ = {
			isa = PBXNativeTarget;
			buildConfigurationList = 9C96F09424B0B34E00B86D69 /* Build configuration list for PBXNativeTarget "MaybeCloudyUITests" */;
			buildPhases = (
				9C96F08124B0B34E00B86D69 /* Sources */,
				9C96F08224B0B34E00B86D69 /* Frameworks */,
				9C96F08324B0B34E00B86D69 /* Resources */,
			);
			buildRules = (
			);
			dependencies = (
				9C96F08724B0B34E00B86D69 /* PBXTargetDependency */,
			);
			name = MaybeCloudyUITests;
			productName = MaybeCloudyUITests;
			productReference = 9C96F08524B0B34E00B86D69 /* MaybeCloudyUITests.xctest */;
			productType = "com.apple.product-type.bundle.ui-testing";
		};
/* End PBXNativeTarget section */

/* Begin PBXProject section */
		9C96F05C24B0B34C00B86D69 /* Project object */ = {
			isa = PBXProject;
			attributes = {
				LastSwiftUpdateCheck = 1140;
				LastUpgradeCheck = 1140;
				ORGANIZATIONNAME = ToruYoshifuji;
				TargetAttributes = {
					9C96F06324B0B34C00B86D69 = {
						CreatedOnToolsVersion = 11.4.1;
					};
					9C96F07924B0B34E00B86D69 = {
						CreatedOnToolsVersion = 11.4.1;
						TestTargetID = 9C96F06324B0B34C00B86D69;
					};
					9C96F08424B0B34E00B86D69 = {
						CreatedOnToolsVersion = 11.4.1;
						TestTargetID = 9C96F06324B0B34C00B86D69;
					};
				};
			};
			buildConfigurationList = 9C96F05F24B0B34C00B86D69 /* Build configuration list for PBXProject "MaybeCloudy" */;
			compatibilityVersion = "Xcode 9.3";
			developmentRegion = en;
			hasScannedForEncodings = 0;
			knownRegions = (
				en,
				Base,
			);
			mainGroup = 9C96F05B24B0B34C00B86D69;
			productRefGroup = 9C96F06524B0B34C00B86D69 /* Products */;
			projectDirPath = "";
			projectRoot = "";
			targets = (
				9C96F06324B0B34C00B86D69 /* MaybeCloudy */,
				9C96F07924B0B34E00B86D69 /* MaybeCloudyTests */,
				9C96F08424B0B34E00B86D69 /* MaybeCloudyUITests */,
			);
		};
/* End PBXProject section */

/* Begin PBXResourcesBuildPhase section */
		9C96F06224B0B34C00B86D69 /* Resources */ = {
			isa = PBXResourcesBuildPhase;
			buildActionMask = 2147483647;
			files = (
				9CBCFFD024B1F08A0045FAAF /* .env in Resources */,
				9CBCFFC524B0F74C0045FAAF /* cityData.json in Resources */,
				9C96F07424B0B34E00B86D69 /* LaunchScreen.storyboard in Resources */,
				9C96F07124B0B34E00B86D69 /* Preview Assets.xcassets in Resources */,
				9CBCFFD224B1F0C10045FAAF /* .env.sample in Resources */,
				9C96F06E24B0B34E00B86D69 /* Assets.xcassets in Resources */,
			);
			runOnlyForDeploymentPostprocessing = 0;
		};
		9C96F07824B0B34E00B86D69 /* Resources */ = {
			isa = PBXResourcesBuildPhase;
			buildActionMask = 2147483647;
			files = (
			);
			runOnlyForDeploymentPostprocessing = 0;
		};
		9C96F08324B0B34E00B86D69 /* Resources */ = {
			isa = PBXResourcesBuildPhase;
			buildActionMask = 2147483647;
			files = (
			);
			runOnlyForDeploymentPostprocessing = 0;
		};
/* End PBXResourcesBuildPhase section */

/* Begin PBXSourcesBuildPhase section */
		9C96F06024B0B34C00B86D69 /* Sources */ = {
			isa = PBXSourcesBuildPhase;
			buildActionMask = 2147483647;
			files = (
				9C17FDF424C4824300E37C34 /* ImageLoader.swift in Sources */,
				9CBCFFCA24B1D6F90045FAAF /* WeatherDetailView.swift in Sources */,
				9C17FDF024C4802500E37C34 /* Util.swift in Sources */,
				9C96F06824B0B34C00B86D69 /* AppDelegate.swift in Sources */,
				9C96F09D24B0BE2C00B86D69 /* TopCities.swift in Sources */,
				9C96F09824B0B7E400B86D69 /* WeatherTodayFetcher.swift in Sources */,
				9C17FDF224C481CC00E37C34 /* URLImage.swift in Sources */,
				9C96F06A24B0B34C00B86D69 /* SceneDelegate.swift in Sources */,
				9C4B932924BA02CC005A1CAB /* Data.swift in Sources */,
				9C96F06C24B0B34C00B86D69 /* WeatherListView.swift in Sources */,
				9C96F0A024B0EA2100B86D69 /* WeatherListViewModel.swift in Sources */,
				9C96F09B24B0BA1700B86D69 /* Weather.swift in Sources */,
				9CBCFFCC24B1DC7B0045FAAF /* CityData.swift in Sources */,
				9CBCFFCE24B1EC240045FAAF /* WeatherListRow.swift in Sources */,
				9C17FDF824C7108700E37C34 /* AppBar.swift in Sources */,
			);
			runOnlyForDeploymentPostprocessing = 0;
		};
		9C96F07624B0B34E00B86D69 /* Sources */ = {
			isa = PBXSourcesBuildPhase;
			buildActionMask = 2147483647;
			files = (
				9C96F07F24B0B34E00B86D69 /* WeatherTests.swift in Sources */,
			);
			runOnlyForDeploymentPostprocessing = 0;
		};
		9C96F08124B0B34E00B86D69 /* Sources */ = {
			isa = PBXSourcesBuildPhase;
			buildActionMask = 2147483647;
			files = (
				9C96F08A24B0B34E00B86D69 /* MaybeCloudyUITests.swift in Sources */,
			);
			runOnlyForDeploymentPostprocessing = 0;
		};
/* End PBXSourcesBuildPhase section */

/* Begin PBXTargetDependency section */
		9C96F07C24B0B34E00B86D69 /* PBXTargetDependency */ = {
			isa = PBXTargetDependency;
			target = 9C96F06324B0B34C00B86D69 /* MaybeCloudy */;
			targetProxy = 9C96F07B24B0B34E00B86D69 /* PBXContainerItemProxy */;
		};
		9C96F08724B0B34E00B86D69 /* PBXTargetDependency */ = {
			isa = PBXTargetDependency;
			target = 9C96F06324B0B34C00B86D69 /* MaybeCloudy */;
			targetProxy = 9C96F08624B0B34E00B86D69 /* PBXContainerItemProxy */;
		};
/* End PBXTargetDependency section */

/* Begin PBXVariantGroup section */
		9C96F07224B0B34E00B86D69 /* LaunchScreen.storyboard */ = {
			isa = PBXVariantGroup;
			children = (
				9C96F07324B0B34E00B86D69 /* Base */,
			);
			name = LaunchScreen.storyboard;
			sourceTree = "<group>";
		};
/* End PBXVariantGroup section */

/* Begin XCBuildConfiguration section */
		9C96F08C24B0B34E00B86D69 /* Debug */ = {
			isa = XCBuildConfiguration;
			buildSettings = {
				ALWAYS_SEARCH_USER_PATHS = NO;
				CLANG_ANALYZER_NONNULL = YES;
				CLANG_ANALYZER_NUMBER_OBJECT_CONVERSION = YES_AGGRESSIVE;
				CLANG_CXX_LANGUAGE_STANDARD = "gnu++14";
				CLANG_CXX_LIBRARY = "libc++";
				CLANG_ENABLE_MODULES = YES;
				CLANG_ENABLE_OBJC_ARC = YES;
				CLANG_ENABLE_OBJC_WEAK = YES;
				CLANG_WARN_BLOCK_CAPTURE_AUTORELEASING = YES;
				CLANG_WARN_BOOL_CONVERSION = YES;
				CLANG_WARN_COMMA = YES;
				CLANG_WARN_CONSTANT_CONVERSION = YES;
				CLANG_WARN_DEPRECATED_OBJC_IMPLEMENTATIONS = YES;
				CLANG_WARN_DIRECT_OBJC_ISA_USAGE = YES_ERROR;
				CLANG_WARN_DOCUMENTATION_COMMENTS = YES;
				CLANG_WARN_EMPTY_BODY = YES;
				CLANG_WARN_ENUM_CONVERSION = YES;
				CLANG_WARN_INFINITE_RECURSION = YES;
				CLANG_WARN_INT_CONVERSION = YES;
				CLANG_WARN_NON_LITERAL_NULL_CONVERSION = YES;
				CLANG_WARN_OBJC_IMPLICIT_RETAIN_SELF = YES;
				CLANG_WARN_OBJC_LITERAL_CONVERSION = YES;
				CLANG_WARN_OBJC_ROOT_CLASS = YES_ERROR;
				CLANG_WARN_RANGE_LOOP_ANALYSIS = YES;
				CLANG_WARN_STRICT_PROTOTYPES = YES;
				CLANG_WARN_SUSPICIOUS_MOVE = YES;
				CLANG_WARN_UNGUARDED_AVAILABILITY = YES_AGGRESSIVE;
				CLANG_WARN_UNREACHABLE_CODE = YES;
				CLANG_WARN__DUPLICATE_METHOD_MATCH = YES;
				COPY_PHASE_STRIP = NO;
				DEBUG_INFORMATION_FORMAT = dwarf;
				ENABLE_STRICT_OBJC_MSGSEND = YES;
				ENABLE_TESTABILITY = YES;
				GCC_C_LANGUAGE_STANDARD = gnu11;
				GCC_DYNAMIC_NO_PIC = NO;
				GCC_NO_COMMON_BLOCKS = YES;
				GCC_OPTIMIZATION_LEVEL = 0;
				GCC_PREPROCESSOR_DEFINITIONS = (
					"DEBUG=1",
					"$(inherited)",
				);
				GCC_WARN_64_TO_32_BIT_CONVERSION = YES;
				GCC_WARN_ABOUT_RETURN_TYPE = YES_ERROR;
				GCC_WARN_UNDECLARED_SELECTOR = YES;
				GCC_WARN_UNINITIALIZED_AUTOS = YES_AGGRESSIVE;
				GCC_WARN_UNUSED_FUNCTION = YES;
				GCC_WARN_UNUSED_VARIABLE = YES;
				IPHONEOS_DEPLOYMENT_TARGET = 13.4;
				MTL_ENABLE_DEBUG_INFO = INCLUDE_SOURCE;
				MTL_FAST_MATH = YES;
				ONLY_ACTIVE_ARCH = YES;
				SDKROOT = iphoneos;
				SWIFT_ACTIVE_COMPILATION_CONDITIONS = DEBUG;
				SWIFT_OPTIMIZATION_LEVEL = "-Onone";
			};
			name = Debug;
		};
		9C96F08D24B0B34E00B86D69 /* Release */ = {
			isa = XCBuildConfiguration;
			buildSettings = {
				ALWAYS_SEARCH_USER_PATHS = NO;
				CLANG_ANALYZER_NONNULL = YES;
				CLANG_ANALYZER_NUMBER_OBJECT_CONVERSION = YES_AGGRESSIVE;
				CLANG_CXX_LANGUAGE_STANDARD = "gnu++14";
				CLANG_CXX_LIBRARY = "libc++";
				CLANG_ENABLE_MODULES = YES;
				CLANG_ENABLE_OBJC_ARC = YES;
				CLANG_ENABLE_OBJC_WEAK = YES;
				CLANG_WARN_BLOCK_CAPTURE_AUTORELEASING = YES;
				CLANG_WARN_BOOL_CONVERSION = YES;
				CLANG_WARN_COMMA = YES;
				CLANG_WARN_CONSTANT_CONVERSION = YES;
				CLANG_WARN_DEPRECATED_OBJC_IMPLEMENTATIONS = YES;
				CLANG_WARN_DIRECT_OBJC_ISA_USAGE = YES_ERROR;
				CLANG_WARN_DOCUMENTATION_COMMENTS = YES;
				CLANG_WARN_EMPTY_BODY = YES;
				CLANG_WARN_ENUM_CONVERSION = YES;
				CLANG_WARN_INFINITE_RECURSION = YES;
				CLANG_WARN_INT_CONVERSION = YES;
				CLANG_WARN_NON_LITERAL_NULL_CONVERSION = YES;
				CLANG_WARN_OBJC_IMPLICIT_RETAIN_SELF = YES;
				CLANG_WARN_OBJC_LITERAL_CONVERSION = YES;
				CLANG_WARN_OBJC_ROOT_CLASS = YES_ERROR;
				CLANG_WARN_RANGE_LOOP_ANALYSIS = YES;
				CLANG_WARN_STRICT_PROTOTYPES = YES;
				CLANG_WARN_SUSPICIOUS_MOVE = YES;
				CLANG_WARN_UNGUARDED_AVAILABILITY = YES_AGGRESSIVE;
				CLANG_WARN_UNREACHABLE_CODE = YES;
				CLANG_WARN__DUPLICATE_METHOD_MATCH = YES;
				COPY_PHASE_STRIP = NO;
				DEBUG_INFORMATION_FORMAT = "dwarf-with-dsym";
				ENABLE_NS_ASSERTIONS = NO;
				ENABLE_STRICT_OBJC_MSGSEND = YES;
				GCC_C_LANGUAGE_STANDARD = gnu11;
				GCC_NO_COMMON_BLOCKS = YES;
				GCC_WARN_64_TO_32_BIT_CONVERSION = YES;
				GCC_WARN_ABOUT_RETURN_TYPE = YES_ERROR;
				GCC_WARN_UNDECLARED_SELECTOR = YES;
				GCC_WARN_UNINITIALIZED_AUTOS = YES_AGGRESSIVE;
				GCC_WARN_UNUSED_FUNCTION = YES;
				GCC_WARN_UNUSED_VARIABLE = YES;
				IPHONEOS_DEPLOYMENT_TARGET = 13.4;
				MTL_ENABLE_DEBUG_INFO = NO;
				MTL_FAST_MATH = YES;
				SDKROOT = iphoneos;
				SWIFT_COMPILATION_MODE = wholemodule;
				SWIFT_OPTIMIZATION_LEVEL = "-O";
				VALIDATE_PRODUCT = YES;
			};
			name = Release;
		};
		9C96F08F24B0B34E00B86D69 /* Debug */ = {
			isa = XCBuildConfiguration;
			buildSettings = {
				ASSETCATALOG_COMPILER_APPICON_NAME = AppIcon;
				CODE_SIGN_STYLE = Automatic;
				DEVELOPMENT_ASSET_PATHS = "\"MaybeCloudy/Preview Content\"";
				DEVELOPMENT_TEAM = 37BZJ3DY6M;
				ENABLE_PREVIEWS = YES;
				INFOPLIST_FILE = MaybeCloudy/Info.plist;
				LD_RUNPATH_SEARCH_PATHS = (
					"$(inherited)",
					"@executable_path/Frameworks",
				);
				PRODUCT_BUNDLE_IDENTIFIER = yoshifujiT.Weather;
				PRODUCT_NAME = "$(TARGET_NAME)";
				SWIFT_VERSION = 5.0;
				TARGETED_DEVICE_FAMILY = "1,2";
			};
			name = Debug;
		};
		9C96F09024B0B34E00B86D69 /* Release */ = {
			isa = XCBuildConfiguration;
			buildSettings = {
				ASSETCATALOG_COMPILER_APPICON_NAME = AppIcon;
				CODE_SIGN_STYLE = Automatic;
				DEVELOPMENT_ASSET_PATHS = "\"MaybeCloudy/Preview Content\"";
				DEVELOPMENT_TEAM = 37BZJ3DY6M;
				ENABLE_PREVIEWS = YES;
				INFOPLIST_FILE = MaybeCloudy/Info.plist;
				LD_RUNPATH_SEARCH_PATHS = (
					"$(inherited)",
					"@executable_path/Frameworks",
				);
				PRODUCT_BUNDLE_IDENTIFIER = yoshifujiT.Weather;
				PRODUCT_NAME = "$(TARGET_NAME)";
				SWIFT_VERSION = 5.0;
				TARGETED_DEVICE_FAMILY = "1,2";
			};
			name = Release;
		};
		9C96F09224B0B34E00B86D69 /* Debug */ = {
			isa = XCBuildConfiguration;
			buildSettings = {
				ALWAYS_EMBED_SWIFT_STANDARD_LIBRARIES = YES;
				BUNDLE_LOADER = "$(TEST_HOST)";
				CODE_SIGN_STYLE = Automatic;
				DEVELOPMENT_TEAM = 37BZJ3DY6M;
				INFOPLIST_FILE = MaybeCloudyTests/Info.plist;
				IPHONEOS_DEPLOYMENT_TARGET = 13.4;
				LD_RUNPATH_SEARCH_PATHS = (
					"$(inherited)",
					"@executable_path/Frameworks",
					"@loader_path/Frameworks",
				);
				PRODUCT_BUNDLE_IDENTIFIER = yoshifujiT.WeatherTests;
				PRODUCT_NAME = "$(TARGET_NAME)";
				SWIFT_VERSION = 5.0;
				TARGETED_DEVICE_FAMILY = "1,2";
				TEST_HOST = "$(BUILT_PRODUCTS_DIR)/MaybeCloudy.app/MaybeCloudy";
			};
			name = Debug;
		};
		9C96F09324B0B34E00B86D69 /* Release */ = {
			isa = XCBuildConfiguration;
			buildSettings = {
				ALWAYS_EMBED_SWIFT_STANDARD_LIBRARIES = YES;
				BUNDLE_LOADER = "$(TEST_HOST)";
				CODE_SIGN_STYLE = Automatic;
				DEVELOPMENT_TEAM = 37BZJ3DY6M;
				INFOPLIST_FILE = MaybeCloudyTests/Info.plist;
				IPHONEOS_DEPLOYMENT_TARGET = 13.4;
				LD_RUNPATH_SEARCH_PATHS = (
					"$(inherited)",
					"@executable_path/Frameworks",
					"@loader_path/Frameworks",
				);
				PRODUCT_BUNDLE_IDENTIFIER = yoshifujiT.WeatherTests;
				PRODUCT_NAME = "$(TARGET_NAME)";
				SWIFT_VERSION = 5.0;
				TARGETED_DEVICE_FAMILY = "1,2";
				TEST_HOST = "$(BUILT_PRODUCTS_DIR)/MaybeCloudy.app/MaybeCloudy";
			};
			name = Release;
		};
		9C96F09524B0B34E00B86D69 /* Debug */ = {
			isa = XCBuildConfiguration;
			buildSettings = {
				ALWAYS_EMBED_SWIFT_STANDARD_LIBRARIES = YES;
				CODE_SIGN_STYLE = Automatic;
				DEVELOPMENT_TEAM = 37BZJ3DY6M;
				INFOPLIST_FILE = MaybeCloudyUITests/Info.plist;
				LD_RUNPATH_SEARCH_PATHS = (
					"$(inherited)",
					"@executable_path/Frameworks",
					"@loader_path/Frameworks",
				);
				PRODUCT_BUNDLE_IDENTIFIER = yoshifujiT.WeatherUITests;
				PRODUCT_NAME = "$(TARGET_NAME)";
				SWIFT_VERSION = 5.0;
				TARGETED_DEVICE_FAMILY = "1,2";
				TEST_TARGET_NAME = Weather;
			};
			name = Debug;
		};
		9C96F09624B0B34E00B86D69 /* Release */ = {
			isa = XCBuildConfiguration;
			buildSettings = {
				ALWAYS_EMBED_SWIFT_STANDARD_LIBRARIES = YES;
				CODE_SIGN_STYLE = Automatic;
				DEVELOPMENT_TEAM = 37BZJ3DY6M;
				INFOPLIST_FILE = MaybeCloudyUITests/Info.plist;
				LD_RUNPATH_SEARCH_PATHS = (
					"$(inherited)",
					"@executable_path/Frameworks",
					"@loader_path/Frameworks",
				);
				PRODUCT_BUNDLE_IDENTIFIER = yoshifujiT.WeatherUITests;
				PRODUCT_NAME = "$(TARGET_NAME)";
				SWIFT_VERSION = 5.0;
				TARGETED_DEVICE_FAMILY = "1,2";
				TEST_TARGET_NAME = Weather;
			};
			name = Release;
		};
/* End XCBuildConfiguration section */

/* Begin XCConfigurationList section */
		9C96F05F24B0B34C00B86D69 /* Build configuration list for PBXProject "MaybeCloudy" */ = {
			isa = XCConfigurationList;
			buildConfigurations = (
				9C96F08C24B0B34E00B86D69 /* Debug */,
				9C96F08D24B0B34E00B86D69 /* Release */,
			);
			defaultConfigurationIsVisible = 0;
			defaultConfigurationName = Release;
		};
		9C96F08E24B0B34E00B86D69 /* Build configuration list for PBXNativeTarget "MaybeCloudy" */ = {
			isa = XCConfigurationList;
			buildConfigurations = (
				9C96F08F24B0B34E00B86D69 /* Debug */,
				9C96F09024B0B34E00B86D69 /* Release */,
			);
			defaultConfigurationIsVisible = 0;
			defaultConfigurationName = Release;
		};
		9C96F09124B0B34E00B86D69 /* Build configuration list for PBXNativeTarget "MaybeCloudyTests" */ = {
			isa = XCConfigurationList;
			buildConfigurations = (
				9C96F09224B0B34E00B86D69 /* Debug */,
				9C96F09324B0B34E00B86D69 /* Release */,
			);
			defaultConfigurationIsVisible = 0;
			defaultConfigurationName = Release;
		};
		9C96F09424B0B34E00B86D69 /* Build configuration list for PBXNativeTarget "MaybeCloudyUITests" */ = {
			isa = XCConfigurationList;
			buildConfigurations = (
				9C96F09524B0B34E00B86D69 /* Debug */,
				9C96F09624B0B34E00B86D69 /* Release */,
			);
			defaultConfigurationIsVisible = 0;
			defaultConfigurationName = Release;
		};
/* End XCConfigurationList section */
	};
	rootObject = 9C96F05C24B0B34C00B86D69 /* Project object */;
}
